// !$*UTF8*$!
{
	archiveVersion = 1;
	classes = {
	};
	objectVersion = 46;
	objects = {

/* Begin PBXBuildFile section */
		0BB9CB5FB720FD30EEDEF0AF /* Pods_UOWConsult.framework in Frameworks */ = {isa = PBXBuildFile; fileRef = 0DD5F8875D8A8675FE12A121 /* Pods_UOWConsult.framework */; };
		39D4A5FA1CDF371F00A5853F /* user.swift in Sources */ = {isa = PBXBuildFile; fileRef = 39D4A5F91CDF371F00A5853F /* user.swift */; };
		39D4A6041CDF39C800A5853F /* SignUpViewController.swift in Sources */ = {isa = PBXBuildFile; fileRef = 39D4A6031CDF39C800A5853F /* SignUpViewController.swift */; };
		39D4A6171CDF593500A5853F /* LoginViewController.swift in Sources */ = {isa = PBXBuildFile; fileRef = 39D4A6161CDF593500A5853F /* LoginViewController.swift */; };
		39D4A6191CDF7CAD00A5853F /* TmpViewController.swift in Sources */ = {isa = PBXBuildFile; fileRef = 39D4A6181CDF7CAD00A5853F /* TmpViewController.swift */; };
		39D4A61B1CDF7F1E00A5853F /* SettingViewController.swift in Sources */ = {isa = PBXBuildFile; fileRef = 39D4A61A1CDF7F1E00A5853F /* SettingViewController.swift */; };
		5DC832E11CE832F900AEAEF3 /* EditViewController.swift in Sources */ = {isa = PBXBuildFile; fileRef = 5DC832E01CE832F900AEAEF3 /* EditViewController.swift */; };
		E93B9D591CCE5B7F00EC5DA9 /* AppDelegate.swift in Sources */ = {isa = PBXBuildFile; fileRef = E93B9D581CCE5B7F00EC5DA9 /* AppDelegate.swift */; };
		E93B9D5B1CCE5B7F00EC5DA9 /* ViewController.swift in Sources */ = {isa = PBXBuildFile; fileRef = E93B9D5A1CCE5B7F00EC5DA9 /* ViewController.swift */; };
		E93B9D5E1CCE5B7F00EC5DA9 /* Main.storyboard in Resources */ = {isa = PBXBuildFile; fileRef = E93B9D5C1CCE5B7F00EC5DA9 /* Main.storyboard */; };
		E93B9D611CCE5B7F00EC5DA9 /* UOWConsult.xcdatamodeld in Sources */ = {isa = PBXBuildFile; fileRef = E93B9D5F1CCE5B7F00EC5DA9 /* UOWConsult.xcdatamodeld */; };
		E93B9D631CCE5B7F00EC5DA9 /* Assets.xcassets in Resources */ = {isa = PBXBuildFile; fileRef = E93B9D621CCE5B7F00EC5DA9 /* Assets.xcassets */; };
		E93B9D661CCE5B7F00EC5DA9 /* LaunchScreen.storyboard in Resources */ = {isa = PBXBuildFile; fileRef = E93B9D641CCE5B7F00EC5DA9 /* LaunchScreen.storyboard */; };
		E99184021CEEE0690099DBFE /* GoogleService-Info.plist in Resources */ = {isa = PBXBuildFile; fileRef = E99184011CEEE0690099DBFE /* GoogleService-Info.plist */; };
		E99BCB421CE6EA72007AA95C /* ConsulationTimeViewController.swift in Sources */ = {isa = PBXBuildFile; fileRef = E99BCB411CE6EA72007AA95C /* ConsulationTimeViewController.swift */; };
/* End PBXBuildFile section */

/* Begin PBXFileReference section */
		0DD5F8875D8A8675FE12A121 /* Pods_UOWConsult.framework */ = {isa = PBXFileReference; explicitFileType = wrapper.framework; includeInIndex = 0; path = Pods_UOWConsult.framework; sourceTree = BUILT_PRODUCTS_DIR; };
		3724B87B3C2AAABC14BA5E1F /* Pods-UOWConsult.debug.xcconfig */ = {isa = PBXFileReference; includeInIndex = 1; lastKnownFileType = text.xcconfig; name = "Pods-UOWConsult.debug.xcconfig"; path = "Pods/Target Support Files/Pods-UOWConsult/Pods-UOWConsult.debug.xcconfig"; sourceTree = "<group>"; };
		39D4A5F91CDF371F00A5853F /* user.swift */ = {isa = PBXFileReference; fileEncoding = 4; lastKnownFileType = sourcecode.swift; path = user.swift; sourceTree = "<group>"; };
		39D4A6031CDF39C800A5853F /* SignUpViewController.swift */ = {isa = PBXFileReference; fileEncoding = 4; lastKnownFileType = sourcecode.swift; path = SignUpViewController.swift; sourceTree = "<group>"; };
		39D4A60C1CDF4E5C00A5853F /* libicucore.tbd */ = {isa = PBXFileReference; lastKnownFileType = "sourcecode.text-based-dylib-definition"; name = libicucore.tbd; path = usr/lib/libicucore.tbd; sourceTree = SDKROOT; };
		39D4A60E1CDF4E6B00A5853F /* libc++.tbd */ = {isa = PBXFileReference; lastKnownFileType = "sourcecode.text-based-dylib-definition"; name = "libc++.tbd"; path = "usr/lib/libc++.tbd"; sourceTree = SDKROOT; };
		39D4A6101CDF4E7400A5853F /* CFNetwork.framework */ = {isa = PBXFileReference; lastKnownFileType = wrapper.framework; name = CFNetwork.framework; path = System/Library/Frameworks/CFNetwork.framework; sourceTree = SDKROOT; };
		39D4A6121CDF4E8000A5853F /* Security.framework */ = {isa = PBXFileReference; lastKnownFileType = wrapper.framework; name = Security.framework; path = System/Library/Frameworks/Security.framework; sourceTree = SDKROOT; };
		39D4A6141CDF4E9700A5853F /* SystemConfiguration.framework */ = {isa = PBXFileReference; lastKnownFileType = wrapper.framework; name = SystemConfiguration.framework; path = System/Library/Frameworks/SystemConfiguration.framework; sourceTree = SDKROOT; };
		39D4A6161CDF593500A5853F /* LoginViewController.swift */ = {isa = PBXFileReference; fileEncoding = 4; lastKnownFileType = sourcecode.swift; path = LoginViewController.swift; sourceTree = "<group>"; };
		39D4A6181CDF7CAD00A5853F /* TmpViewController.swift */ = {isa = PBXFileReference; fileEncoding = 4; lastKnownFileType = sourcecode.swift; path = TmpViewController.swift; sourceTree = "<group>"; };
		39D4A61A1CDF7F1E00A5853F /* SettingViewController.swift */ = {isa = PBXFileReference; fileEncoding = 4; lastKnownFileType = sourcecode.swift; path = SettingViewController.swift; sourceTree = "<group>"; };
		4A0A404EE40CBFE1215CDBF3 /* Pods-UOWConsult.release.xcconfig */ = {isa = PBXFileReference; includeInIndex = 1; lastKnownFileType = text.xcconfig; name = "Pods-UOWConsult.release.xcconfig"; path = "Pods/Target Support Files/Pods-UOWConsult/Pods-UOWConsult.release.xcconfig"; sourceTree = "<group>"; };
		5DC832E01CE832F900AEAEF3 /* EditViewController.swift */ = {isa = PBXFileReference; fileEncoding = 4; lastKnownFileType = sourcecode.swift; path = EditViewController.swift; sourceTree = "<group>"; };
		E93B9D551CCE5B7F00EC5DA9 /* UOWConsult.app */ = {isa = PBXFileReference; explicitFileType = wrapper.application; includeInIndex = 0; path = UOWConsult.app; sourceTree = BUILT_PRODUCTS_DIR; };
		E93B9D581CCE5B7F00EC5DA9 /* AppDelegate.swift */ = {isa = PBXFileReference; lastKnownFileType = sourcecode.swift; path = AppDelegate.swift; sourceTree = "<group>"; };
		E93B9D5A1CCE5B7F00EC5DA9 /* ViewController.swift */ = {isa = PBXFileReference; lastKnownFileType = sourcecode.swift; path = ViewController.swift; sourceTree = "<group>"; };
		E93B9D5D1CCE5B7F00EC5DA9 /* Base */ = {isa = PBXFileReference; lastKnownFileType = file.storyboard; name = Base; path = Base.lproj/Main.storyboard; sourceTree = "<group>"; };
		E93B9D601CCE5B7F00EC5DA9 /* UOWConsult.xcdatamodel */ = {isa = PBXFileReference; lastKnownFileType = wrapper.xcdatamodel; path = UOWConsult.xcdatamodel; sourceTree = "<group>"; };
		E93B9D621CCE5B7F00EC5DA9 /* Assets.xcassets */ = {isa = PBXFileReference; lastKnownFileType = folder.assetcatalog; path = Assets.xcassets; sourceTree = "<group>"; };
		E93B9D651CCE5B7F00EC5DA9 /* Base */ = {isa = PBXFileReference; lastKnownFileType = file.storyboard; name = Base; path = Base.lproj/LaunchScreen.storyboard; sourceTree = "<group>"; };
		E93B9D671CCE5B7F00EC5DA9 /* Info.plist */ = {isa = PBXFileReference; lastKnownFileType = text.plist.xml; path = Info.plist; sourceTree = "<group>"; };
		E99184011CEEE0690099DBFE /* GoogleService-Info.plist */ = {isa = PBXFileReference; fileEncoding = 4; lastKnownFileType = text.plist.xml; path = "GoogleService-Info.plist"; sourceTree = "<group>"; };
		E99BCB411CE6EA72007AA95C /* ConsulationTimeViewController.swift */ = {isa = PBXFileReference; fileEncoding = 4; lastKnownFileType = sourcecode.swift; path = ConsulationTimeViewController.swift; sourceTree = "<group>"; };
/* End PBXFileReference section */

/* Begin PBXFrameworksBuildPhase section */
		E93B9D521CCE5B7F00EC5DA9 /* Frameworks */ = {
			isa = PBXFrameworksBuildPhase;
			buildActionMask = 2147483647;
			files = (
				0BB9CB5FB720FD30EEDEF0AF /* Pods_UOWConsult.framework in Frameworks */,
			);
			runOnlyForDeploymentPostprocessing = 0;
		};
/* End PBXFrameworksBuildPhase section */

/* Begin PBXGroup section */
		39D4A61C1CDF886B00A5853F /* Models */ = {
			isa = PBXGroup;
			children = (
				39D4A5F91CDF371F00A5853F /* user.swift */,
			);
			name = Models;
			sourceTree = "<group>";
		};
		39D4A61E1CDF889400A5853F /* User managament */ = {
			isa = PBXGroup;
			children = (
				5DC832E01CE832F900AEAEF3 /* EditViewController.swift */,
				39D4A61A1CDF7F1E00A5853F /* SettingViewController.swift */,
				39D4A6031CDF39C800A5853F /* SignUpViewController.swift */,
				39D4A6161CDF593500A5853F /* LoginViewController.swift */,
			);
			name = "User managament";
			sourceTree = "<group>";
		};
		4376FE8ED0453C4B3FCA2778 /* Pods */ = {
			isa = PBXGroup;
			children = (
				3724B87B3C2AAABC14BA5E1F /* Pods-UOWConsult.debug.xcconfig */,
				4A0A404EE40CBFE1215CDBF3 /* Pods-UOWConsult.release.xcconfig */,
			);
			name = Pods;
			sourceTree = "<group>";
		};
		E93B9D4C1CCE5B7F00EC5DA9 = {
			isa = PBXGroup;
			children = (
				E93B9D571CCE5B7F00EC5DA9 /* UOWConsult */,
				E93B9D561CCE5B7F00EC5DA9 /* Products */,
				FC4F9FF17EFF2F393D8E6D80 /* Frameworks */,
				4376FE8ED0453C4B3FCA2778 /* Pods */,
			);
			sourceTree = "<group>";
		};
		E93B9D561CCE5B7F00EC5DA9 /* Products */ = {
			isa = PBXGroup;
			children = (
				E93B9D551CCE5B7F00EC5DA9 /* UOWConsult.app */,
			);
			name = Products;
			sourceTree = "<group>";
		};
		E93B9D571CCE5B7F00EC5DA9 /* UOWConsult */ = {
			isa = PBXGroup;
			children = (
				E93B9D581CCE5B7F00EC5DA9 /* AppDelegate.swift */,
				39D4A61C1CDF886B00A5853F /* Models */,
				E93B9D5A1CCE5B7F00EC5DA9 /* ViewController.swift */,
				E99BCB411CE6EA72007AA95C /* ConsulationTimeViewController.swift */,
				E93B9D5C1CCE5B7F00EC5DA9 /* Main.storyboard */,
				39D4A61E1CDF889400A5853F /* User managament */,
				39D4A6181CDF7CAD00A5853F /* TmpViewController.swift */,
				E93B9D621CCE5B7F00EC5DA9 /* Assets.xcassets */,
				E93B9D641CCE5B7F00EC5DA9 /* LaunchScreen.storyboard */,
				E93B9D671CCE5B7F00EC5DA9 /* Info.plist */,
				E99184011CEEE0690099DBFE /* GoogleService-Info.plist */,
				E93B9D5F1CCE5B7F00EC5DA9 /* UOWConsult.xcdatamodeld */,
			);
			path = UOWConsult;
			sourceTree = "<group>";
		};
		FC4F9FF17EFF2F393D8E6D80 /* Frameworks */ = {
			isa = PBXGroup;
			children = (
				39D4A6141CDF4E9700A5853F /* SystemConfiguration.framework */,
				39D4A6121CDF4E8000A5853F /* Security.framework */,
				39D4A6101CDF4E7400A5853F /* CFNetwork.framework */,
				39D4A60E1CDF4E6B00A5853F /* libc++.tbd */,
				39D4A60C1CDF4E5C00A5853F /* libicucore.tbd */,
				0DD5F8875D8A8675FE12A121 /* Pods_UOWConsult.framework */,
			);
			name = Frameworks;
			sourceTree = "<group>";
		};
/* End PBXGroup section */

/* Begin PBXNativeTarget section */
		E93B9D541CCE5B7F00EC5DA9 /* UOWConsult */ = {
			isa = PBXNativeTarget;
			buildConfigurationList = E93B9D6A1CCE5B7F00EC5DA9 /* Build configuration list for PBXNativeTarget "UOWConsult" */;
			buildPhases = (
				B77F12129231A1C49A64E58C /* 📦 Check Pods Manifest.lock */,
				E93B9D511CCE5B7F00EC5DA9 /* Sources */,
				E93B9D521CCE5B7F00EC5DA9 /* Frameworks */,
				E93B9D531CCE5B7F00EC5DA9 /* Resources */,
				8727A7F1A19FF654A38355B1 /* 📦 Embed Pods Frameworks */,
				3C804A4F70F0C4546997654E /* 📦 Copy Pods Resources */,
			);
			buildRules = (
			);
			dependencies = (
			);
			name = UOWConsult;
			productName = UOWConsult;
			productReference = E93B9D551CCE5B7F00EC5DA9 /* UOWConsult.app */;
			productType = "com.apple.product-type.application";
		};
/* End PBXNativeTarget section */

/* Begin PBXProject section */
		E93B9D4D1CCE5B7F00EC5DA9 /* Project object */ = {
			isa = PBXProject;
			attributes = {
				LastSwiftUpdateCheck = 0730;
				LastUpgradeCheck = 0730;
				ORGANIZATIONNAME = "CY Lim";
				TargetAttributes = {
					E93B9D541CCE5B7F00EC5DA9 = {
						CreatedOnToolsVersion = 7.3;
					};
				};
			};
			buildConfigurationList = E93B9D501CCE5B7F00EC5DA9 /* Build configuration list for PBXProject "UOWConsult" */;
			compatibilityVersion = "Xcode 3.2";
			developmentRegion = English;
			hasScannedForEncodings = 0;
			knownRegions = (
				en,
				Base,
			);
			mainGroup = E93B9D4C1CCE5B7F00EC5DA9;
			productRefGroup = E93B9D561CCE5B7F00EC5DA9 /* Products */;
			projectDirPath = "";
			projectRoot = "";
			targets = (
				E93B9D541CCE5B7F00EC5DA9 /* UOWConsult */,
			);
		};
/* End PBXProject section */

/* Begin PBXResourcesBuildPhase section */
		E93B9D531CCE5B7F00EC5DA9 /* Resources */ = {
			isa = PBXResourcesBuildPhase;
			buildActionMask = 2147483647;
			files = (
				E93B9D661CCE5B7F00EC5DA9 /* LaunchScreen.storyboard in Resources */,
				E99184021CEEE0690099DBFE /* GoogleService-Info.plist in Resources */,
				E93B9D631CCE5B7F00EC5DA9 /* Assets.xcassets in Resources */,
				E93B9D5E1CCE5B7F00EC5DA9 /* Main.storyboard in Resources */,
			);
			runOnlyForDeploymentPostprocessing = 0;
		};
/* End PBXResourcesBuildPhase section */

/* Begin PBXShellScriptBuildPhase section */
		3C804A4F70F0C4546997654E /* 📦 Copy Pods Resources */ = {
			isa = PBXShellScriptBuildPhase;
			buildActionMask = 2147483647;
			files = (
			);
			inputPaths = (
			);
			name = "📦 Copy Pods Resources";
			outputPaths = (
			);
			runOnlyForDeploymentPostprocessing = 0;
			shellPath = /bin/sh;
			shellScript = "\"${SRCROOT}/Pods/Target Support Files/Pods-UOWConsult/Pods-UOWConsult-resources.sh\"\n";
			showEnvVarsInLog = 0;
		};
		8727A7F1A19FF654A38355B1 /* 📦 Embed Pods Frameworks */ = {
			isa = PBXShellScriptBuildPhase;
			buildActionMask = 2147483647;
			files = (
			);
			inputPaths = (
			);
			name = "📦 Embed Pods Frameworks";
			outputPaths = (
			);
			runOnlyForDeploymentPostprocessing = 0;
			shellPath = /bin/sh;
			shellScript = "\"${SRCROOT}/Pods/Target Support Files/Pods-UOWConsult/Pods-UOWConsult-frameworks.sh\"\n";
			showEnvVarsInLog = 0;
		};
		B77F12129231A1C49A64E58C /* 📦 Check Pods Manifest.lock */ = {
			isa = PBXShellScriptBuildPhase;
			buildActionMask = 2147483647;
			files = (
			);
			inputPaths = (
			);
			name = "📦 Check Pods Manifest.lock";
			outputPaths = (
			);
			runOnlyForDeploymentPostprocessing = 0;
			shellPath = /bin/sh;
			shellScript = "diff \"${PODS_ROOT}/../Podfile.lock\" \"${PODS_ROOT}/Manifest.lock\" > /dev/null\nif [[ $? != 0 ]] ; then\n    cat << EOM\nerror: The sandbox is not in sync with the Podfile.lock. Run 'pod install' or update your CocoaPods installation.\nEOM\n    exit 1\nfi\n";
			showEnvVarsInLog = 0;
		};
/* End PBXShellScriptBuildPhase section */

/* Begin PBXSourcesBuildPhase section */
		E93B9D511CCE5B7F00EC5DA9 /* Sources */ = {
			isa = PBXSourcesBuildPhase;
			buildActionMask = 2147483647;
			files = (
				39D4A6171CDF593500A5853F /* LoginViewController.swift in Sources */,
				39D4A5FA1CDF371F00A5853F /* user.swift in Sources */,
				E99BCB421CE6EA72007AA95C /* ConsulationTimeViewController.swift in Sources */,
				39D4A6191CDF7CAD00A5853F /* TmpViewController.swift in Sources */,
				39D4A61B1CDF7F1E00A5853F /* SettingViewController.swift in Sources */,
				E93B9D611CCE5B7F00EC5DA9 /* UOWConsult.xcdatamodeld in Sources */,
				E93B9D5B1CCE5B7F00EC5DA9 /* ViewController.swift in Sources */,
				E93B9D591CCE5B7F00EC5DA9 /* AppDelegate.swift in Sources */,
				39D4A6041CDF39C800A5853F /* SignUpViewController.swift in Sources */,
				5DC832E11CE832F900AEAEF3 /* EditViewController.swift in Sources */,
			);
			runOnlyForDeploymentPostprocessing = 0;
		};
/* End PBXSourcesBuildPhase section */

/* Begin PBXVariantGroup section */
		E93B9D5C1CCE5B7F00EC5DA9 /* Main.storyboard */ = {
			isa = PBXVariantGroup;
			children = (
				E93B9D5D1CCE5B7F00EC5DA9 /* Base */,
			);
			name = Main.storyboard;
			sourceTree = "<group>";
		};
		E93B9D641CCE5B7F00EC5DA9 /* LaunchScreen.storyboard */ = {
			isa = PBXVariantGroup;
			children = (
				E93B9D651CCE5B7F00EC5DA9 /* Base */,
			);
			name = LaunchScreen.storyboard;
			sourceTree = "<group>";
		};
/* End PBXVariantGroup section */

/* Begin XCBuildConfiguration section */
		E93B9D681CCE5B7F00EC5DA9 /* Debug */ = {
			isa = XCBuildConfiguration;
			buildSettings = {
				ALWAYS_SEARCH_USER_PATHS = NO;
				CLANG_ANALYZER_NONNULL = YES;
				CLANG_CXX_LANGUAGE_STANDARD = "gnu++0x";
				CLANG_CXX_LIBRARY = "libc++";
				CLANG_ENABLE_MODULES = YES;
				CLANG_ENABLE_OBJC_ARC = YES;
				CLANG_WARN_BOOL_CONVERSION = YES;
				CLANG_WARN_CONSTANT_CONVERSION = YES;
				CLANG_WARN_DIRECT_OBJC_ISA_USAGE = YES_ERROR;
				CLANG_WARN_EMPTY_BODY = YES;
				CLANG_WARN_ENUM_CONVERSION = YES;
				CLANG_WARN_INT_CONVERSION = YES;
				CLANG_WARN_OBJC_ROOT_CLASS = YES_ERROR;
				CLANG_WARN_UNREACHABLE_CODE = YES;
				CLANG_WARN__DUPLICATE_METHOD_MATCH = YES;
				"CODE_SIGN_IDENTITY[sdk=iphoneos*]" = "iPhone Developer";
				COPY_PHASE_STRIP = NO;
				DEBUG_INFORMATION_FORMAT = dwarf;
				ENABLE_STRICT_OBJC_MSGSEND = YES;
				ENABLE_TESTABILITY = YES;
				GCC_C_LANGUAGE_STANDARD = gnu99;
				GCC_DYNAMIC_NO_PIC = NO;
				GCC_NO_COMMON_BLOCKS = YES;
				GCC_OPTIMIZATION_LEVEL = 0;
				GCC_PREPROCESSOR_DEFINITIONS = (
					"DEBUG=1",
					"$(inherited)",
				);
				GCC_WARN_64_TO_32_BIT_CONVERSION = YES;
				GCC_WARN_ABOUT_RETURN_TYPE = YES_ERROR;
				GCC_WARN_UNDECLARED_SELECTOR = YES;
				GCC_WARN_UNINITIALIZED_AUTOS = YES_AGGRESSIVE;
				GCC_WARN_UNUSED_FUNCTION = YES;
				GCC_WARN_UNUSED_VARIABLE = YES;
				IPHONEOS_DEPLOYMENT_TARGET = 9.3;
				MTL_ENABLE_DEBUG_INFO = YES;
				ONLY_ACTIVE_ARCH = YES;
				SDKROOT = iphoneos;
				SWIFT_OPTIMIZATION_LEVEL = "-Onone";
				TARGETED_DEVICE_FAMILY = "1,2";
			};
			name = Debug;
		};
		E93B9D691CCE5B7F00EC5DA9 /* Release */ = {
			isa = XCBuildConfiguration;
			buildSettings = {
				ALWAYS_SEARCH_USER_PATHS = NO;
				CLANG_ANALYZER_NONNULL = YES;
				CLANG_CXX_LANGUAGE_STANDARD = "gnu++0x";
				CLANG_CXX_LIBRARY = "libc++";
				CLANG_ENABLE_MODULES = YES;
				CLANG_ENABLE_OBJC_ARC = YES;
				CLANG_WARN_BOOL_CONVERSION = YES;
				CLANG_WARN_CONSTANT_CONVERSION = YES;
				CLANG_WARN_DIRECT_OBJC_ISA_USAGE = YES_ERROR;
				CLANG_WARN_EMPTY_BODY = YES;
				CLANG_WARN_ENUM_CONVERSION = YES;
				CLANG_WARN_INT_CONVERSION = YES;
				CLANG_WARN_OBJC_ROOT_CLASS = YES_ERROR;
				CLANG_WARN_UNREACHABLE_CODE = YES;
				CLANG_WARN__DUPLICATE_METHOD_MATCH = YES;
				"CODE_SIGN_IDENTITY[sdk=iphoneos*]" = "iPhone Developer";
				COPY_PHASE_STRIP = NO;
				DEBUG_INFORMATION_FORMAT = "dwarf-with-dsym";
				ENABLE_NS_ASSERTIONS = NO;
				ENABLE_STRICT_OBJC_MSGSEND = YES;
				GCC_C_LANGUAGE_STANDARD = gnu99;
				GCC_NO_COMMON_BLOCKS = YES;
				GCC_WARN_64_TO_32_BIT_CONVERSION = YES;
				GCC_WARN_ABOUT_RETURN_TYPE = YES_ERROR;
				GCC_WARN_UNDECLARED_SELECTOR = YES;
				GCC_WARN_UNINITIALIZED_AUTOS = YES_AGGRESSIVE;
				GCC_WARN_UNUSED_FUNCTION = YES;
				GCC_WARN_UNUSED_VARIABLE = YES;
				IPHONEOS_DEPLOYMENT_TARGET = 9.3;
				MTL_ENABLE_DEBUG_INFO = NO;
				SDKROOT = iphoneos;
				TARGETED_DEVICE_FAMILY = "1,2";
				VALIDATE_PRODUCT = YES;
			};
			name = Release;
		};
		E93B9D6B1CCE5B7F00EC5DA9 /* Debug */ = {
			isa = XCBuildConfiguration;
			baseConfigurationReference = 3724B87B3C2AAABC14BA5E1F /* Pods-UOWConsult.debug.xcconfig */;
			buildSettings = {
				ASSETCATALOG_COMPILER_APPICON_NAME = AppIcon;
				FRAMEWORK_SEARCH_PATHS = (
					"$(inherited)",
					"$(PROJECT_DIR)",
					"$(PROJECT_DIR)/UOWConsult",
				);
				HEADER_SEARCH_PATHS = "";
				INFOPLIST_FILE = UOWConsult/Info.plist;
				LD_RUNPATH_SEARCH_PATHS = "$(inherited) @executable_path/Frameworks";
				PRODUCT_BUNDLE_IDENTIFIER = my.cy.csci342.UOWConsult;
				PRODUCT_NAME = "$(TARGET_NAME)";
				SWIFT_OBJC_BRIDGING_HEADER = "";
			};
			name = Debug;
		};
		E93B9D6C1CCE5B7F00EC5DA9 /* Release */ = {
			isa = XCBuildConfiguration;
			baseConfigurationReference = 4A0A404EE40CBFE1215CDBF3 /* Pods-UOWConsult.release.xcconfig */;
			buildSettings = {
				ASSETCATALOG_COMPILER_APPICON_NAME = AppIcon;
				FRAMEWORK_SEARCH_PATHS = (
					"$(inherited)",
					"$(PROJECT_DIR)",
					"$(PROJECT_DIR)/UOWConsult",
				);
				HEADER_SEARCH_PATHS = "";
				INFOPLIST_FILE = UOWConsult/Info.plist;
				LD_RUNPATH_SEARCH_PATHS = "$(inherited) @executable_path/Frameworks";
				PRODUCT_BUNDLE_IDENTIFIER = my.cy.csci342.UOWConsult;
				PRODUCT_NAME = "$(TARGET_NAME)";
				SWIFT_OBJC_BRIDGING_HEADER = "";
			};
			name = Release;
		};
/* End XCBuildConfiguration section */

/* Begin XCConfigurationList section */
		E93B9D501CCE5B7F00EC5DA9 /* Build configuration list for PBXProject "UOWConsult" */ = {
			isa = XCConfigurationList;
			buildConfigurations = (
				E93B9D681CCE5B7F00EC5DA9 /* Debug */,
				E93B9D691CCE5B7F00EC5DA9 /* Release */,
			);
			defaultConfigurationIsVisible = 0;
			defaultConfigurationName = Release;
		};
		E93B9D6A1CCE5B7F00EC5DA9 /* Build configuration list for PBXNativeTarget "UOWConsult" */ = {
			isa = XCConfigurationList;
			buildConfigurations = (
				E93B9D6B1CCE5B7F00EC5DA9 /* Debug */,
				E93B9D6C1CCE5B7F00EC5DA9 /* Release */,
			);
			defaultConfigurationIsVisible = 0;
			defaultConfigurationName = Release;
		};
/* End XCConfigurationList section */

/* Begin XCVersionGroup section */
		E93B9D5F1CCE5B7F00EC5DA9 /* UOWConsult.xcdatamodeld */ = {
			isa = XCVersionGroup;
			children = (
				E93B9D601CCE5B7F00EC5DA9 /* UOWConsult.xcdatamodel */,
			);
			currentVersion = E93B9D601CCE5B7F00EC5DA9 /* UOWConsult.xcdatamodel */;
			path = UOWConsult.xcdatamodeld;
			sourceTree = "<group>";
			versionGroupType = wrapper.xcdatamodel;
		};
/* End XCVersionGroup section */
	};
	rootObject = E93B9D4D1CCE5B7F00EC5DA9 /* Project object */;
}
